github.com/line/line-bot-sdk-go/v7 v7.21.0 h1:VVyglVHvoLk28pdC42ry37AHv4KCNpqT8o1zGnZsaPY=
github.com/line/line-bot-sdk-go/v7 v7.21.0/go.mod h1:bqar4g/a6MvVKkL1W0rXLqVXJY0GCXjE0CX+BlPdkPc=
github.com/mattn/go-sqlite3 v1.14.18 h1:JL0eqdCOq6DJVNPSvArO/bIV9/P7fbGrV00LZHc+5aI=
github.com/mattn/go-sqlite3 v1.14.18/go.mod h1:NyWgC/yNuGj7Q9rpYnZvz2109/K9l6O+/A7F9dXy2w0=
